
Microsoft Visual Studio Solution File, Format Version 12.00
# Visual Studio Version 16
VisualStudioVersion = 16.0.30128.74
MinimumVisualStudioVersion = 10.0.40219.1
Project("{FAE04EC0-301F-11D3-BF4B-00C04F79EFBC}") = "XamarinXAML.UWP", "XamarinXAML\XamarinXAML.UWP\XamarinXAML.UWP.csproj", "{5EC4F476-96D2-4D33-84C1-3B0E0F75CB02}"
EndProject
Project("{FAE04EC0-301F-11D3-BF4B-00C04F79EFBC}") = "XamarinXAML.Android", "XamarinXAML\XamarinXAML.Android\XamarinXAML.Android.csproj", "{4D75EFC3-D5D7-44B7-BADE-7AB74755AD23}"
EndProject
Project("{FAE04EC0-301F-11D3-BF4B-00C04F79EFBC}") = "XamarinXAML.iOS", "XamarinXAML\XamarinXAML.iOS\XamarinXAML.iOS.csproj", "{7C52DFFB-E170-4AC2-A8A3-E3F0268C2085}"
EndProject
Project("{FAE04EC0-301F-11D3-BF4B-00C04F79EFBC}") = "XamarinXAML", "XamarinXAML\XamarinXAML\XamarinXAML.csproj", "{0BC494D3-AFA1-4311-A65A-018B02B41C05}"
EndProject
Global
	GlobalSection(SolutionConfigurationPlatforms) = preSolution
		Debug|Any CPU = Debug|Any CPU
		Debug|ARM = Debug|ARM
		Debug|iPhone = Debug|iPhone
		Debug|iPhoneSimulator = Debug|iPhoneSimulator
		Debug|x64 = Debug|x64
		Debug|x86 = Debug|x86
		Release|Any CPU = Release|Any CPU
		Release|ARM = Release|ARM
		Release|iPhone = Release|iPhone
		Release|iPhoneSimulator = Release|iPhoneSimulator
		Release|x64 = Release|x64
		Release|x86 = Release|x86
	EndGlobalSection
	GlobalSection(ProjectConfigurationPlatforms) = postSolution
		{5EC4F476-96D2-4D33-84C1-3B0E0F75CB02}.Debug|Any CPU.ActiveCfg = Debug|x86
		{5EC4F476-96D2-4D33-84C1-3B0E0F75CB02}.Debug|Any CPU.Build.0 = Debug|x86
		{5EC4F476-96D2-4D33-84C1-3B0E0F75CB02}.Debug|Any CPU.Deploy.0 = Debug|x86
		{5EC4F476-96D2-4D33-84C1-3B0E0F75CB02}.Debug|ARM.ActiveCfg = Debug|ARM
		{5EC4F476-96D2-4D33-84C1-3B0E0F75CB02}.Debug|ARM.Build.0 = Debug|ARM
		{5EC4F476-96D2-4D33-84C1-3B0E0F75CB02}.Debug|ARM.Deploy.0 = Debug|ARM
		{5EC4F476-96D2-4D33-84C1-3B0E0F75CB02}.Debug|iPhone.ActiveCfg = Debug|x86
		{5EC4F476-96D2-4D33-84C1-3B0E0F75CB02}.Debug|iPhone.Build.0 = Debug|x86
		{5EC4F476-96D2-4D33-84C1-3B0E0F75CB02}.Debug|iPhone.Deploy.0 = Debug|x86
		{5EC4F476-96D2-4D33-84C1-3B0E0F75CB02}.Debug|iPhoneSimulator.ActiveCfg = Debug|x86
		{5EC4F476-96D2-4D33-84C1-3B0E0F75CB02}.Debug|iPhoneSimulator.Build.0 = Debug|x86
		{5EC4F476-96D2-4D33-84C1-3B0E0F75CB02}.Debug|iPhoneSimulator.Deploy.0 = Debug|x86
		{5EC4F476-96D2-4D33-84C1-3B0E0F75CB02}.Debug|x64.ActiveCfg = Debug|x64
		{5EC4F476-96D2-4D33-84C1-3B0E0F75CB02}.Debug|x64.Build.0 = Debug|x64
		{5EC4F476-96D2-4D33-84C1-3B0E0F75CB02}.Debug|x64.Deploy.0 = Debug|x64
		{5EC4F476-96D2-4D33-84C1-3B0E0F75CB02}.Debug|x86.ActiveCfg = Debug|x86
		{5EC4F476-96D2-4D33-84C1-3B0E0F75CB02}.Debug|x86.Build.0 = Debug|x86
		{5EC4F476-96D2-4D33-84C1-3B0E0F75CB02}.Debug|x86.Deploy.0 = Debug|x86
		{5EC4F476-96D2-4D33-84C1-3B0E0F75CB02}.Release|Any CPU.ActiveCfg = Release|x86
		{5EC4F476-96D2-4D33-84C1-3B0E0F75CB02}.Release|Any CPU.Build.0 = Release|x86
		{5EC4F476-96D2-4D33-84C1-3B0E0F75CB02}.Release|Any CPU.Deploy.0 = Release|x86
		{5EC4F476-96D2-4D33-84C1-3B0E0F75CB02}.Release|ARM.ActiveCfg = Release|ARM
		{5EC4F476-96D2-4D33-84C1-3B0E0F75CB02}.Release|ARM.Build.0 = Release|ARM
		{5EC4F476-96D2-4D33-84C1-3B0E0F75CB02}.Release|ARM.Deploy.0 = Release|ARM
		{5EC4F476-96D2-4D33-84C1-3B0E0F75CB02}.Release|iPhone.ActiveCfg = Release|x86
		{5EC4F476-96D2-4D33-84C1-3B0E0F75CB02}.Release|iPhone.Build.0 = Release|x86
		{5EC4F476-96D2-4D33-84C1-3B0E0F75CB02}.Release|iPhone.Deploy.0 = Release|x86
		{5EC4F476-96D2-4D33-84C1-3B0E0F75CB02}.Release|iPhoneSimulator.ActiveCfg = Release|x86
		{5EC4F476-96D2-4D33-84C1-3B0E0F75CB02}.Release|iPhoneSimulator.Build.0 = Release|x86
		{5EC4F476-96D2-4D33-84C1-3B0E0F75CB02}.Release|iPhoneSimulator.Deploy.0 = Release|x86
		{5EC4F476-96D2-4D33-84C1-3B0E0F75CB02}.Release|x64.ActiveCfg = Release|x64
		{5EC4F476-96D2-4D33-84C1-3B0E0F75CB02}.Release|x64.Build.0 = Release|x64
		{5EC4F476-96D2-4D33-84C1-3B0E0F75CB02}.Release|x64.Deploy.0 = Release|x64
		{5EC4F476-96D2-4D33-84C1-3B0E0F75CB02}.Release|x86.ActiveCfg = Release|x86
		{5EC4F476-96D2-4D33-84C1-3B0E0F75CB02}.Release|x86.Build.0 = Release|x86
		{5EC4F476-96D2-4D33-84C1-3B0E0F75CB02}.Release|x86.Deploy.0 = Release|x86
		{4D75EFC3-D5D7-44B7-BADE-7AB74755AD23}.Debug|Any CPU.ActiveCfg = Debug|Any CPU
		{4D75EFC3-D5D7-44B7-BADE-7AB74755AD23}.Debug|Any CPU.Build.0 = Debug|Any CPU
		{4D75EFC3-D5D7-44B7-BADE-7AB74755AD23}.Debug|Any CPU.Deploy.0 = Debug|Any CPU
		{4D75EFC3-D5D7-44B7-BADE-7AB74755AD23}.Debug|ARM.ActiveCfg = Debug|Any CPU
		{4D75EFC3-D5D7-44B7-BADE-7AB74755AD23}.Debug|ARM.Build.0 = Debug|Any CPU
		{4D75EFC3-D5D7-44B7-BADE-7AB74755AD23}.Debug|ARM.Deploy.0 = Debug|Any CPU
		{4D75EFC3-D5D7-44B7-BADE-7AB74755AD23}.Debug|iPhone.ActiveCfg = Debug|Any CPU
		{4D75EFC3-D5D7-44B7-BADE-7AB74755AD23}.Debug|iPhone.Build.0 = Debug|Any CPU
		{4D75EFC3-D5D7-44B7-BADE-7AB74755AD23}.Debug|iPhone.Deploy.0 = Debug|Any CPU
		{4D75EFC3-D5D7-44B7-BADE-7AB74755AD23}.Debug|iPhoneSimulator.ActiveCfg = Debug|Any CPU
		{4D75EFC3-D5D7-44B7-BADE-7AB74755AD23}.Debug|iPhoneSimulator.Build.0 = Debug|Any CPU
		{4D75EFC3-D5D7-44B7-BADE-7AB74755AD23}.Debug|iPhoneSimulator.Deploy.0 = Debug|Any CPU
		{4D75EFC3-D5D7-44B7-BADE-7AB74755AD23}.Debug|x64.ActiveCfg = Debug|Any CPU
		{4D75EFC3-D5D7-44B7-BADE-7AB74755AD23}.Debug|x64.Build.0 = Debug|Any CPU
		{4D75EFC3-D5D7-44B7-BADE-7AB74755AD23}.Debug|x64.Deploy.0 = Debug|Any CPU
		{4D75EFC3-D5D7-44B7-BADE-7AB74755AD23}.Debug|x86.ActiveCfg = Debug|Any CPU
		{4D75EFC3-D5D7-44B7-BADE-7AB74755AD23}.Debug|x86.Build.0 = Debug|Any CPU
		{4D75EFC3-D5D7-44B7-BADE-7AB74755AD23}.Debug|x86.Deploy.0 = Debug|Any CPU
		{4D75EFC3-D5D7-44B7-BADE-7AB74755AD23}.Release|Any CPU.ActiveCfg = Release|Any CPU
		{4D75EFC3-D5D7-44B7-BADE-7AB74755AD23}.Release|Any CPU.Build.0 = Release|Any CPU
		{4D75EFC3-D5D7-44B7-BADE-7AB74755AD23}.Release|Any CPU.Deploy.0 = Release|Any CPU
		{4D75EFC3-D5D7-44B7-BADE-7AB74755AD23}.Release|ARM.ActiveCfg = Release|Any CPU
		{4D75EFC3-D5D7-44B7-BADE-7AB74755AD23}.Release|ARM.Build.0 = Release|Any CPU
		{4D75EFC3-D5D7-44B7-BADE-7AB74755AD23}.Release|ARM.Deploy.0 = Release|Any CPU
		{4D75EFC3-D5D7-44B7-BADE-7AB74755AD23}.Release|iPhone.ActiveCfg = Release|Any CPU
		{4D75EFC3-D5D7-44B7-BADE-7AB74755AD23}.Release|iPhone.Build.0 = Release|Any CPU
		{4D75EFC3-D5D7-44B7-BADE-7AB74755AD23}.Release|iPhone.Deploy.0 = Release|Any CPU
		{4D75EFC3-D5D7-44B7-BADE-7AB74755AD23}.Release|iPhoneSimulator.ActiveCfg = Release|Any CPU
		{4D75EFC3-D5D7-44B7-BADE-7AB74755AD23}.Release|iPhoneSimulator.Build.0 = Release|Any CPU
		{4D75EFC3-D5D7-44B7-BADE-7AB74755AD23}.Release|iPhoneSimulator.Deploy.0 = Release|Any CPU
		{4D75EFC3-D5D7-44B7-BADE-7AB74755AD23}.Release|x64.ActiveCfg = Release|Any CPU
		{4D75EFC3-D5D7-44B7-BADE-7AB74755AD23}.Release|x64.Build.0 = Release|Any CPU
		{4D75EFC3-D5D7-44B7-BADE-7AB74755AD23}.Release|x64.Deploy.0 = Release|Any CPU
		{4D75EFC3-D5D7-44B7-BADE-7AB74755AD23}.Release|x86.ActiveCfg = Release|Any CPU
		{4D75EFC3-D5D7-44B7-BADE-7AB74755AD23}.Release|x86.Build.0 = Release|Any CPU
		{4D75EFC3-D5D7-44B7-BADE-7AB74755AD23}.Release|x86.Deploy.0 = Release|Any CPU
		{7C52DFFB-E170-4AC2-A8A3-E3F0268C2085}.Debug|Any CPU.ActiveCfg = Debug|iPhone
		{7C52DFFB-E170-4AC2-A8A3-E3F0268C2085}.Debug|Any CPU.Build.0 = Debug|iPhone
		{7C52DFFB-E170-4AC2-A8A3-E3F0268C2085}.Debug|Any CPU.Deploy.0 = Debug|iPhone
		{7C52DFFB-E170-4AC2-A8A3-E3F0268C2085}.Debug|ARM.ActiveCfg = Debug|iPhone
		{7C52DFFB-E170-4AC2-A8A3-E3F0268C2085}.Debug|ARM.Build.0 = Debug|iPhone
		{7C52DFFB-E170-4AC2-A8A3-E3F0268C2085}.Debug|ARM.Deploy.0 = Debug|iPhone
		{7C52DFFB-E170-4AC2-A8A3-E3F0268C2085}.Debug|iPhone.ActiveCfg = Debug|iPhone
		{7C52DFFB-E170-4AC2-A8A3-E3F0268C2085}.Debug|iPhone.Build.0 = Debug|iPhone
		{7C52DFFB-E170-4AC2-A8A3-E3F0268C2085}.Debug|iPhone.Deploy.0 = Debug|iPhone
		{7C52DFFB-E170-4AC2-A8A3-E3F0268C2085}.Debug|iPhoneSimulator.ActiveCfg = Debug|iPhoneSimulator
		{7C52DFFB-E170-4AC2-A8A3-E3F0268C2085}.Debug|iPhoneSimulator.Build.0 = Debug|iPhoneSimulator
		{7C52DFFB-E170-4AC2-A8A3-E3F0268C2085}.Debug|iPhoneSimulator.Deploy.0 = Debug|iPhoneSimulator
		{7C52DFFB-E170-4AC2-A8A3-E3F0268C2085}.Debug|x64.ActiveCfg = Debug|iPhone
		{7C52DFFB-E170-4AC2-A8A3-E3F0268C2085}.Debug|x64.Build.0 = Debug|iPhone
		{7C52DFFB-E170-4AC2-A8A3-E3F0268C2085}.Debug|x64.Deploy.0 = Debug|iPhone
		{7C52DFFB-E170-4AC2-A8A3-E3F0268C2085}.Debug|x86.ActiveCfg = Debug|iPhone
		{7C52DFFB-E170-4AC2-A8A3-E3F0268C2085}.Debug|x86.Build.0 = Debug|iPhone
		{7C52DFFB-E170-4AC2-A8A3-E3F0268C2085}.Debug|x86.Deploy.0 = Debug|iPhone
		{7C52DFFB-E170-4AC2-A8A3-E3F0268C2085}.Release|Any CPU.ActiveCfg = Release|iPhone
		{7C52DFFB-E170-4AC2-A8A3-E3F0268C2085}.Release|Any CPU.Build.0 = Release|iPhone
		{7C52DFFB-E170-4AC2-A8A3-E3F0268C2085}.Release|Any CPU.Deploy.0 = Release|iPhone
		{7C52DFFB-E170-4AC2-A8A3-E3F0268C2085}.Release|ARM.ActiveCfg = Release|iPhone
		{7C52DFFB-E170-4AC2-A8A3-E3F0268C2085}.Release|ARM.Build.0 = Release|iPhone
		{7C52DFFB-E170-4AC2-A8A3-E3F0268C2085}.Release|ARM.Deploy.0 = Release|iPhone
		{7C52DFFB-E170-4AC2-A8A3-E3F0268C2085}.Release|iPhone.ActiveCfg = Release|iPhone
		{7C52DFFB-E170-4AC2-A8A3-E3F0268C2085}.Release|iPhone.Build.0 = Release|iPhone
		{7C52DFFB-E170-4AC2-A8A3-E3F0268C2085}.Release|iPhone.Deploy.0 = Release|iPhone
		{7C52DFFB-E170-4AC2-A8A3-E3F0268C2085}.Release|iPhoneSimulator.ActiveCfg = Release|iPhoneSimulator
		{7C52DFFB-E170-4AC2-A8A3-E3F0268C2085}.Release|iPhoneSimulator.Build.0 = Release|iPhoneSimulator
		{7C52DFFB-E170-4AC2-A8A3-E3F0268C2085}.Release|iPhoneSimulator.Deploy.0 = Release|iPhoneSimulator
		{7C52DFFB-E170-4AC2-A8A3-E3F0268C2085}.Release|x64.ActiveCfg = Release|iPhone
		{7C52DFFB-E170-4AC2-A8A3-E3F0268C2085}.Release|x64.Build.0 = Release|iPhone
		{7C52DFFB-E170-4AC2-A8A3-E3F0268C2085}.Release|x64.Deploy.0 = Release|iPhone
		{7C52DFFB-E170-4AC2-A8A3-E3F0268C2085}.Release|x86.ActiveCfg = Release|iPhone
		{7C52DFFB-E170-4AC2-A8A3-E3F0268C2085}.Release|x86.Build.0 = Release|iPhone
		{7C52DFFB-E170-4AC2-A8A3-E3F0268C2085}.Release|x86.Deploy.0 = Release|iPhone
		{0BC494D3-AFA1-4311-A65A-018B02B41C05}.Debug|Any CPU.ActiveCfg = Debug|Any CPU
		{0BC494D3-AFA1-4311-A65A-018B02B41C05}.Debug|Any CPU.Build.0 = Debug|Any CPU
		{0BC494D3-AFA1-4311-A65A-018B02B41C05}.Debug|Any CPU.Deploy.0 = Debug|Any CPU
		{0BC494D3-AFA1-4311-A65A-018B02B41C05}.Debug|ARM.ActiveCfg = Debug|Any CPU
		{0BC494D3-AFA1-4311-A65A-018B02B41C05}.Debug|ARM.Build.0 = Debug|Any CPU
		{0BC494D3-AFA1-4311-A65A-018B02B41C05}.Debug|ARM.Deploy.0 = Debug|Any CPU
		{0BC494D3-AFA1-4311-A65A-018B02B41C05}.Debug|iPhone.ActiveCfg = Debug|Any CPU
		{0BC494D3-AFA1-4311-A65A-018B02B41C05}.Debug|iPhone.Build.0 = Debug|Any CPU
		{0BC494D3-AFA1-4311-A65A-018B02B41C05}.Debug|iPhone.Deploy.0 = Debug|Any CPU
		{0BC494D3-AFA1-4311-A65A-018B02B41C05}.Debug|iPhoneSimulator.ActiveCfg = Debug|Any CPU
		{0BC494D3-AFA1-4311-A65A-018B02B41C05}.Debug|iPhoneSimulator.Build.0 = Debug|Any CPU
		{0BC494D3-AFA1-4311-A65A-018B02B41C05}.Debug|iPhoneSimulator.Deploy.0 = Debug|Any CPU
		{0BC494D3-AFA1-4311-A65A-018B02B41C05}.Debug|x64.ActiveCfg = Debug|Any CPU
		{0BC494D3-AFA1-4311-A65A-018B02B41C05}.Debug|x64.Build.0 = Debug|Any CPU
		{0BC494D3-AFA1-4311-A65A-018B02B41C05}.Debug|x64.Deploy.0 = Debug|Any CPU
		{0BC494D3-AFA1-4311-A65A-018B02B41C05}.Debug|x86.ActiveCfg = Debug|Any CPU
		{0BC494D3-AFA1-4311-A65A-018B02B41C05}.Debug|x86.Build.0 = Debug|Any CPU
		{0BC494D3-AFA1-4311-A65A-018B02B41C05}.Debug|x86.Deploy.0 = Debug|Any CPU
		{0BC494D3-AFA1-4311-A65A-018B02B41C05}.Release|Any CPU.ActiveCfg = Release|Any CPU
		{0BC494D3-AFA1-4311-A65A-018B02B41C05}.Release|Any CPU.Build.0 = Release|Any CPU
		{0BC494D3-AFA1-4311-A65A-018B02B41C05}.Release|Any CPU.Deploy.0 = Release|Any CPU
		{0BC494D3-AFA1-4311-A65A-018B02B41C05}.Release|ARM.ActiveCfg = Release|Any CPU
		{0BC494D3-AFA1-4311-A65A-018B02B41C05}.Release|ARM.Build.0 = Release|Any CPU
		{0BC494D3-AFA1-4311-A65A-018B02B41C05}.Release|ARM.Deploy.0 = Release|Any CPU
		{0BC494D3-AFA1-4311-A65A-018B02B41C05}.Release|iPhone.ActiveCfg = Release|Any CPU
		{0BC494D3-AFA1-4311-A65A-018B02B41C05}.Release|iPhone.Build.0 = Release|Any CPU
		{0BC494D3-AFA1-4311-A65A-018B02B41C05}.Release|iPhone.Deploy.0 = Release|Any CPU
		{0BC494D3-AFA1-4311-A65A-018B02B41C05}.Release|iPhoneSimulator.ActiveCfg = Release|Any CPU
		{0BC494D3-AFA1-4311-A65A-018B02B41C05}.Release|iPhoneSimulator.Build.0 = Release|Any CPU
		{0BC494D3-AFA1-4311-A65A-018B02B41C05}.Release|iPhoneSimulator.Deploy.0 = Release|Any CPU
		{0BC494D3-AFA1-4311-A65A-018B02B41C05}.Release|x64.ActiveCfg = Release|Any CPU
		{0BC494D3-AFA1-4311-A65A-018B02B41C05}.Release|x64.Build.0 = Release|Any CPU
		{0BC494D3-AFA1-4311-A65A-018B02B41C05}.Release|x64.Deploy.0 = Release|Any CPU
		{0BC494D3-AFA1-4311-A65A-018B02B41C05}.Release|x86.ActiveCfg = Release|Any CPU
		{0BC494D3-AFA1-4311-A65A-018B02B41C05}.Release|x86.Build.0 = Release|Any CPU
		{0BC494D3-AFA1-4311-A65A-018B02B41C05}.Release|x86.Deploy.0 = Release|Any CPU
	EndGlobalSection
	GlobalSection(SolutionProperties) = preSolution
		HideSolutionNode = FALSE
	EndGlobalSection
	GlobalSection(ExtensibilityGlobals) = postSolution
		SolutionGuid = {F297FA86-F002-4F75-A02E-A18961E2D144}
	EndGlobalSection
EndGlobal
